
Microsoft Visual Studio Solution File, Format Version 12.00
# Visual Studio Version 17
VisualStudioVersion = 17.7.34031.279
MinimumVisualStudioVersion = 10.0.40219.1
Project("{FAE04EC0-301F-11D3-BF4B-00C04F79EFBC}") = "Playlist", "Playlist.csproj", "{13B43E5D-4615-43DD-B2A3-A3A744696B3B}"
EndProject
Global
	GlobalSection(SolutionConfigurationPlatforms) = preSolution
		Debug|Any CPU = Debug|Any CPU
		Release|Any CPU = Release|Any CPU
	EndGlobalSection
	GlobalSection(ProjectConfigurationPlatforms) = postSolution
		{13B43E5D-4615-43DD-B2A3-A3A744696B3B}.Debug|Any CPU.ActiveCfg = Debug|Any CPU
		{13B43E5D-4615-43DD-B2A3-A3A744696B3B}.Debug|Any CPU.Build.0 = Debug|Any CPU
		{13B43E5D-4615-43DD-B2A3-A3A744696B3B}.Release|Any CPU.ActiveCfg = Release|Any CPU
		{13B43E5D-4615-43DD-B2A3-A3A744696B3B}.Release|Any CPU.Build.0 = Release|Any CPU
	EndGlobalSection
	GlobalSection(SolutionProperties) = preSolution
		HideSolutionNode = FALSE
	EndGlobalSection
	GlobalSection(ExtensibilityGlobals) = postSolution
		SolutionGuid = {FD371F79-FDA8-49C2-AF00-B203CE1FEA12}
	EndGlobalSection
EndGlobal
